
Microsoft Visual Studio Solution File, Format Version 12.00
# Visual Studio Version 17
VisualStudioVersion = 17.14.36121.58 d17.14
MinimumVisualStudioVersion = 10.0.40219.1
Project("{FAE04EC0-301F-11D3-BF4B-00C04F79EFBC}") = "Ticket", "Ticket\Ticket.csproj", "{DC287EE5-0A2E-47BF-9A68-598A0EE09DCB}"
EndProject
Global
	GlobalSection(SolutionConfigurationPlatforms) = preSolution
		Debug|Any CPU = Debug|Any CPU
		Release|Any CPU = Release|Any CPU
	EndGlobalSection
	GlobalSection(ProjectConfigurationPlatforms) = postSolution
		{DC287EE5-0A2E-47BF-9A68-598A0EE09DCB}.Debug|Any CPU.ActiveCfg = Debug|Any CPU
		{DC287EE5-0A2E-47BF-9A68-598A0EE09DCB}.Debug|Any CPU.Build.0 = Debug|Any CPU
		{DC287EE5-0A2E-47BF-9A68-598A0EE09DCB}.Release|Any CPU.ActiveCfg = Release|Any CPU
		{DC287EE5-0A2E-47BF-9A68-598A0EE09DCB}.Release|Any CPU.Build.0 = Release|Any CPU
	EndGlobalSection
	GlobalSection(SolutionProperties) = preSolution
		HideSolutionNode = FALSE
	EndGlobalSection
	GlobalSection(ExtensibilityGlobals) = postSolution
		SolutionGuid = {DAD2B863-408C-4754-8889-A4C84F7E6059}
	EndGlobalSection
EndGlobal
